
Microsoft Visual Studio Solution File, Format Version 12.00
# Visual Studio 15
VisualStudioVersion = 15.0.28307.329
MinimumVisualStudioVersion = 10.0.40219.1
Project("{FAE04EC0-301F-11D3-BF4B-00C04F79EFBC}") = "Task2", "Task2\Task2.csproj", "{55310D4D-F8AB-405E-9636-F19B3F5B9FC8}"
EndProject
Global
	GlobalSection(SolutionConfigurationPlatforms) = preSolution
		Debug|Any CPU = Debug|Any CPU
		Release|Any CPU = Release|Any CPU
	EndGlobalSection
	GlobalSection(ProjectConfigurationPlatforms) = postSolution
		{55310D4D-F8AB-405E-9636-F19B3F5B9FC8}.Debug|Any CPU.ActiveCfg = Debug|Any CPU
		{55310D4D-F8AB-405E-9636-F19B3F5B9FC8}.Debug|Any CPU.Build.0 = Debug|Any CPU
		{55310D4D-F8AB-405E-9636-F19B3F5B9FC8}.Release|Any CPU.ActiveCfg = Release|Any CPU
		{55310D4D-F8AB-405E-9636-F19B3F5B9FC8}.Release|Any CPU.Build.0 = Release|Any CPU
	EndGlobalSection
	GlobalSection(SolutionProperties) = preSolution
		HideSolutionNode = FALSE
	EndGlobalSection
	GlobalSection(ExtensibilityGlobals) = postSolution
		SolutionGuid = {643DBB93-4EE0-4628-853C-257AEF8AE103}
	EndGlobalSection
EndGlobal
