
Microsoft Visual Studio Solution File, Format Version 12.00
# Visual Studio 15
VisualStudioVersion = 15.0.28307.329
MinimumVisualStudioVersion = 10.0.40219.1
Project("{FAE04EC0-301F-11D3-BF4B-00C04F79EFBC}") = "Task1", "Task1\Task1.csproj", "{0F35D5E9-FF9A-47E8-A60A-FAC7B31F9728}"
EndProject
Project("{FAE04EC0-301F-11D3-BF4B-00C04F79EFBC}") = "Task4", "..\..\Lab 2\Task4\Task4\Task4.csproj", "{6A8B87D2-916A-49C3-BDF4-4E514C874010}"
EndProject
Project("{FAE04EC0-301F-11D3-BF4B-00C04F79EFBC}") = "Task3", "..\..\Lab 2\Task3\Task3\Task3.csproj", "{21BD41A8-BE0D-4543-80A1-46D9A5F73771}"
EndProject
Global
	GlobalSection(SolutionConfigurationPlatforms) = preSolution
		Debug|Any CPU = Debug|Any CPU
		Release|Any CPU = Release|Any CPU
	EndGlobalSection
	GlobalSection(ProjectConfigurationPlatforms) = postSolution
		{0F35D5E9-FF9A-47E8-A60A-FAC7B31F9728}.Debug|Any CPU.ActiveCfg = Debug|Any CPU
		{0F35D5E9-FF9A-47E8-A60A-FAC7B31F9728}.Debug|Any CPU.Build.0 = Debug|Any CPU
		{0F35D5E9-FF9A-47E8-A60A-FAC7B31F9728}.Release|Any CPU.ActiveCfg = Release|Any CPU
		{0F35D5E9-FF9A-47E8-A60A-FAC7B31F9728}.Release|Any CPU.Build.0 = Release|Any CPU
		{6A8B87D2-916A-49C3-BDF4-4E514C874010}.Debug|Any CPU.ActiveCfg = Debug|Any CPU
		{6A8B87D2-916A-49C3-BDF4-4E514C874010}.Debug|Any CPU.Build.0 = Debug|Any CPU
		{6A8B87D2-916A-49C3-BDF4-4E514C874010}.Release|Any CPU.ActiveCfg = Release|Any CPU
		{6A8B87D2-916A-49C3-BDF4-4E514C874010}.Release|Any CPU.Build.0 = Release|Any CPU
		{21BD41A8-BE0D-4543-80A1-46D9A5F73771}.Debug|Any CPU.ActiveCfg = Debug|Any CPU
		{21BD41A8-BE0D-4543-80A1-46D9A5F73771}.Debug|Any CPU.Build.0 = Debug|Any CPU
		{21BD41A8-BE0D-4543-80A1-46D9A5F73771}.Release|Any CPU.ActiveCfg = Release|Any CPU
		{21BD41A8-BE0D-4543-80A1-46D9A5F73771}.Release|Any CPU.Build.0 = Release|Any CPU
	EndGlobalSection
	GlobalSection(SolutionProperties) = preSolution
		HideSolutionNode = FALSE
	EndGlobalSection
	GlobalSection(ExtensibilityGlobals) = postSolution
		SolutionGuid = {D5F18D6A-6BAE-4558-B6A0-3888DCADFCA4}
	EndGlobalSection
EndGlobal
